<?xml version="1.0" encoding="utf-8"?>
<Project ToolsVersion="4.0" xmlns="http://schemas.microsoft.com/developer/msbuild/2003">
  <ItemGroup>
    <Filter Include="소스 파일">
      <UniqueIdentifier>{4FC737F1-C7A5-4376-A066-2A32D752A2FF}</UniqueIdentifier>
      <Extensions>cpp;c;cc;cxx;c++;cppm;ixx;def;odl;idl;hpj;bat;asm;asmx</Extensions>
    </Filter>
    <Filter Include="헤더 파일">
      <UniqueIdentifier>{93995380-89BD-4b04-88EB-625FBE52EBFB}</UniqueIdentifier>
      <Extensions>h;hh;hpp;hxx;h++;hm;inl;inc;ipp;xsd</Extensions>
    </Filter>
    <Filter Include="리소스 파일">
      <UniqueIdentifier>{67DA6AB6-F800-4c08-8B7A-83BB121AAD01}</UniqueIdentifier>
      <Extensions>rc;ico;cur;bmp;dlg;rc2;rct;bin;rgs;gif;jpg;jpeg;jpe;resx;tiff;tif;png;wav;mfcribbon-ms</Extensions>
    </Filter>
    <Filter Include="소스 파일\Renderer">
      <UniqueIdentifier>{8A9B5C1D-2E3F-4A5B-6C7D-8E9F0A1B2C3D}</UniqueIdentifier>
    </Filter>
    <Filter Include="소스 파일\ResourceManager">
      <UniqueIdentifier>{18ef6ad4-7a33-4441-842a-5c863488f151}</UniqueIdentifier>
    </Filter>
    <Filter Include="소스 파일\Shader">
      <UniqueIdentifier>{5f86f23f-4d6b-4bd5-b602-e5c312ae2809}</UniqueIdentifier>
    </Filter>
  </ItemGroup>
  <ItemGroup>
    <ClCompile Include="main.cpp">
      <Filter>소스 파일</Filter>
    </ClCompile>
    <ClCompile Include="Renderer.cpp">
      <Filter>소스 파일\Renderer</Filter>
    </ClCompile>
    <ClCompile Include="Shader.cpp">
      <Filter>소스 파일\Shader</Filter>
    </ClCompile>
    <ClCompile Include="ResourceManager.cpp">
      <Filter>소스 파일\ResourceManager</Filter>
    </ClCompile>
  </ItemGroup>
  <ItemGroup>
    <ClInclude Include="TotalHeader.h">
      <Filter>헤더 파일</Filter>
    </ClInclude>
    <ClInclude Include="Renderer.h">
      <Filter>소스 파일\Renderer</Filter>
    </ClInclude>
    <ClInclude Include="Shader.h">
      <Filter>소스 파일\Shader</Filter>
    </ClInclude>
    <ClInclude Include="ResourceManager.h">
      <Filter>소스 파일\ResourceManager</Filter>
    </ClInclude>
    <Filter Include="소스 파일\engine">
      <UniqueIdentifier>{de299330-d978-4539-8c47-6870362a7310}</UniqueIdentifier>
    </Filter>
    <Filter Include="소스 파일\window">
      <UniqueIdentifier>{a1b2c3d4-e5f6-4a5b-8c7d-9e8f7a6b5c4d}</UniqueIdentifier>
    </Filter>
  </ItemGroup>
  <ItemGroup>
    <ClCompile Include="main.cpp">
      <Filter>소스 파일</Filter>
    </ClCompile>
    <ClCompile Include="Engine.cpp">
      <Filter>소스 파일\engine</Filter>
    </ClCompile>
    <ClCompile Include="Window.cpp">
      <Filter>소스 파일\window</Filter>
    </ClCompile>
  </ItemGroup>
  <ItemGroup>
    <ClInclude Include="Engine.h">
      <Filter>소스 파일\engine</Filter>
    </ClInclude>
    <ClInclude Include="Window.h">
      <Filter>소스 파일\window</Filter>
    </ClInclude>
    <ClInclude Include="TotalHeader.h">
      <Filter>헤더 파일</Filter>
    </ClInclude>
  </ItemGroup>
  <ItemGroup>
    <None Include="basic.vert">
      <Filter>리소스 파일</Filter>
    </None>
    <None Include="basic.frag">
      <Filter>리소스 파일</Filter>
    </None>
    <None Include="cube.obj">
      <Filter>리소스 파일</Filter>
    </None>
    <Filter Include="소스 파일\GameTimer">
      <UniqueIdentifier>{9bf98e59-2f13-4bee-aa2c-0f746bafdb87}</UniqueIdentifier>
    </Filter>
  </ItemGroup>
  <ItemGroup>
    <ClCompile Include="GameTimer.cpp">
      <Filter>소스 파일\GameTimer</Filter>
    </ClCompile>
  </ItemGroup>
  <ItemGroup>
    <ClInclude Include="GameTimer.h">
      <Filter>소스 파일\GameTimer</Filter>
    </ClInclude>
    <Filter Include="소스 파일\SceneManager">
      <UniqueIdentifier>{ee819243-8581-45e6-a9bb-f42c4368feb7}</UniqueIdentifier>
    </Filter>
  </ItemGroup>
  <ItemGroup>
    <ClCompile Include="SceneManager.cpp">
      <Filter>소스 파일\SceneManager</Filter>
    </ClCompile>
  </ItemGroup>
  <ItemGroup>
    <ClInclude Include="SceneManager.h">
      <Filter>소스 파일\SceneManager</Filter>
    </ClInclude>
    <Filter Include="소스 파일\Camera">
      <UniqueIdentifier>{028b0b36-9bfc-4143-8680-ee4b2f0deab1}</UniqueIdentifier>
    </Filter>
  </ItemGroup>
  <ItemGroup>
    <ClInclude Include="Camera.h">
      <Filter>소스 파일\Camera</Filter>
    </ClInclude>
  </ItemGroup>
  <ItemGroup>
    <ClCompile Include="Camera.cpp">
      <Filter>소스 파일\Camera</Filter>
    </ClCompile>
  </ItemGroup>
</Project>